
Microsoft Visual Studio Solution File, Format Version 12.00
# Visual Studio Version 17
VisualStudioVersion = 17.8.34330.188
MinimumVisualStudioVersion = 10.0.40219.1
Project("{9A19103F-16F7-4668-BE54-9A1E7A4F7556}") = "Adapter", "Adapter\Adapter.csproj", "{896C9F29-F2F0-40AF-9274-429799EDAEA8}"
EndProject
Project("{FAE04EC0-301F-11D3-BF4B-00C04F79EFBC}") = "Composite", "Composite\Composite.csproj", "{C93E6EB5-E02C-4FE4-A71F-AA81D1535D89}"
EndProject
Project("{FAE04EC0-301F-11D3-BF4B-00C04F79EFBC}") = "Facade", "Facade\Facade.csproj", "{0F6D5E91-5EE5-40CF-B428-A36E4717F324}"
EndProject
Global
	GlobalSection(SolutionConfigurationPlatforms) = preSolution
		Debug|Any CPU = Debug|Any CPU
		Release|Any CPU = Release|Any CPU
	EndGlobalSection
	GlobalSection(ProjectConfigurationPlatforms) = postSolution
		{896C9F29-F2F0-40AF-9274-429799EDAEA8}.Debug|Any CPU.ActiveCfg = Debug|Any CPU
		{896C9F29-F2F0-40AF-9274-429799EDAEA8}.Debug|Any CPU.Build.0 = Debug|Any CPU
		{896C9F29-F2F0-40AF-9274-429799EDAEA8}.Release|Any CPU.ActiveCfg = Release|Any CPU
		{896C9F29-F2F0-40AF-9274-429799EDAEA8}.Release|Any CPU.Build.0 = Release|Any CPU
		{C93E6EB5-E02C-4FE4-A71F-AA81D1535D89}.Debug|Any CPU.ActiveCfg = Debug|Any CPU
		{C93E6EB5-E02C-4FE4-A71F-AA81D1535D89}.Debug|Any CPU.Build.0 = Debug|Any CPU
		{C93E6EB5-E02C-4FE4-A71F-AA81D1535D89}.Release|Any CPU.ActiveCfg = Release|Any CPU
		{C93E6EB5-E02C-4FE4-A71F-AA81D1535D89}.Release|Any CPU.Build.0 = Release|Any CPU
		{0F6D5E91-5EE5-40CF-B428-A36E4717F324}.Debug|Any CPU.ActiveCfg = Debug|Any CPU
		{0F6D5E91-5EE5-40CF-B428-A36E4717F324}.Debug|Any CPU.Build.0 = Debug|Any CPU
		{0F6D5E91-5EE5-40CF-B428-A36E4717F324}.Release|Any CPU.ActiveCfg = Release|Any CPU
		{0F6D5E91-5EE5-40CF-B428-A36E4717F324}.Release|Any CPU.Build.0 = Release|Any CPU
	EndGlobalSection
	GlobalSection(SolutionProperties) = preSolution
		HideSolutionNode = FALSE
	EndGlobalSection
	GlobalSection(ExtensibilityGlobals) = postSolution
		SolutionGuid = {D4E93217-BA8C-4517-930F-BCAA1AC1CA66}
	EndGlobalSection
EndGlobal
