
Microsoft Visual Studio Solution File, Format Version 12.00
# Visual Studio Version 17
VisualStudioVersion = 17.8.34330.188
MinimumVisualStudioVersion = 10.0.40219.1
Project("{FAE04EC0-301F-11D3-BF4B-00C04F79EFBC}") = "AbstractFactory.Banks", "AbstractFactory.Banks\AbstractFactory.Banks.csproj", "{50A9A438-F7E8-4E22-B84E-EE52B8E12E58}"
EndProject
Global
	GlobalSection(SolutionConfigurationPlatforms) = preSolution
		Debug|Any CPU = Debug|Any CPU
		Release|Any CPU = Release|Any CPU
	EndGlobalSection
	GlobalSection(ProjectConfigurationPlatforms) = postSolution
		{50A9A438-F7E8-4E22-B84E-EE52B8E12E58}.Debug|Any CPU.ActiveCfg = Debug|Any CPU
		{50A9A438-F7E8-4E22-B84E-EE52B8E12E58}.Debug|Any CPU.Build.0 = Debug|Any CPU
		{50A9A438-F7E8-4E22-B84E-EE52B8E12E58}.Release|Any CPU.ActiveCfg = Release|Any CPU
		{50A9A438-F7E8-4E22-B84E-EE52B8E12E58}.Release|Any CPU.Build.0 = Release|Any CPU
	EndGlobalSection
	GlobalSection(SolutionProperties) = preSolution
		HideSolutionNode = FALSE
	EndGlobalSection
	GlobalSection(ExtensibilityGlobals) = postSolution
		SolutionGuid = {39F707B7-0190-4267-8BD8-EEA1A4DBD53A}
	EndGlobalSection
EndGlobal
